
Microsoft Visual Studio Solution File, Format Version 12.00
# Visual Studio Version 17
VisualStudioVersion = 17.14.36511.14 d17.14
MinimumVisualStudioVersion = 10.0.40219.1
Project("{F184B08F-C81C-45F6-A57F-5ABD9991F28F}") = "WinFormsApp14", "WinFormsApp14\WinFormsApp14.vbproj", "{14053551-F57B-4885-AB62-1B8E31B21DD3}"
EndProject
Global
	GlobalSection(SolutionConfigurationPlatforms) = preSolution
		Debug|Any CPU = Debug|Any CPU
		Release|Any CPU = Release|Any CPU
	EndGlobalSection
	GlobalSection(ProjectConfigurationPlatforms) = postSolution
		{14053551-F57B-4885-AB62-1B8E31B21DD3}.Debug|Any CPU.ActiveCfg = Debug|Any CPU
		{14053551-F57B-4885-AB62-1B8E31B21DD3}.Debug|Any CPU.Build.0 = Debug|Any CPU
		{14053551-F57B-4885-AB62-1B8E31B21DD3}.Release|Any CPU.ActiveCfg = Release|Any CPU
		{14053551-F57B-4885-AB62-1B8E31B21DD3}.Release|Any CPU.Build.0 = Release|Any CPU
	EndGlobalSection
	GlobalSection(SolutionProperties) = preSolution
		HideSolutionNode = FALSE
	EndGlobalSection
	GlobalSection(ExtensibilityGlobals) = postSolution
		SolutionGuid = {C4D65147-1301-42A6-8775-E44126A9B9EA}
	EndGlobalSection
EndGlobal
